
Microsoft Visual Studio Solution File, Format Version 12.00
# Visual Studio Version 17
VisualStudioVersion = 17.11.35219.272
MinimumVisualStudioVersion = 10.0.40219.1
Project("{888888A0-9F3D-457C-B088-3A5042F75D52}") = "Tund_3_1_Melikov", "Tund_3_1_Melikov.pyproj", "{983565EA-8BBC-4AD1-B768-CF51E836E47F}"
EndProject
Global
	GlobalSection(SolutionConfigurationPlatforms) = preSolution
		Debug|Any CPU = Debug|Any CPU
		Release|Any CPU = Release|Any CPU
	EndGlobalSection
	GlobalSection(ProjectConfigurationPlatforms) = postSolution
		{983565EA-8BBC-4AD1-B768-CF51E836E47F}.Debug|Any CPU.ActiveCfg = Debug|Any CPU
		{983565EA-8BBC-4AD1-B768-CF51E836E47F}.Release|Any CPU.ActiveCfg = Release|Any CPU
	EndGlobalSection
	GlobalSection(SolutionProperties) = preSolution
		HideSolutionNode = FALSE
	EndGlobalSection
	GlobalSection(ExtensibilityGlobals) = postSolution
		SolutionGuid = {10037171-758B-45CF-9D5F-6D4EFCA64E8F}
	EndGlobalSection
EndGlobal
